// !$*UTF8*$!
{
	archiveVersion = 1;
	classes = {
	};
	objectVersion = 46;
	objects = {

/* Begin PBXBuildFile section */
		E44CE0C31E517B0B005C7FA8 /* AppDelegate.swift in Sources */ = {isa = PBXBuildFile; fileRef = E44CE0C21E517B0B005C7FA8 /* AppDelegate.swift */; };
		E44CE0C81E517B0B005C7FA8 /* Main.storyboard in Resources */ = {isa = PBXBuildFile; fileRef = E44CE0C61E517B0B005C7FA8 /* Main.storyboard */; };
		E44CE0CA1E517B0B005C7FA8 /* Assets.xcassets in Resources */ = {isa = PBXBuildFile; fileRef = E44CE0C91E517B0B005C7FA8 /* Assets.xcassets */; };
		E44CE0CD1E517B0B005C7FA8 /* LaunchScreen.storyboard in Resources */ = {isa = PBXBuildFile; fileRef = E44CE0CB1E517B0B005C7FA8 /* LaunchScreen.storyboard */; };
		E44CE0D81E517B0B005C7FA8 /* DUZBTests.swift in Sources */ = {isa = PBXBuildFile; fileRef = E44CE0D71E517B0B005C7FA8 /* DUZBTests.swift */; };
		E44CE0E31E517B0B005C7FA8 /* DUZBUITests.swift in Sources */ = {isa = PBXBuildFile; fileRef = E44CE0E21E517B0B005C7FA8 /* DUZBUITests.swift */; };
/* End PBXBuildFile section */

/* Begin PBXContainerItemProxy section */
		E44CE0D41E517B0B005C7FA8 /* PBXContainerItemProxy */ = {
			isa = PBXContainerItemProxy;
			containerPortal = E44CE0B71E517B0B005C7FA8 /* Project object */;
			proxyType = 1;
			remoteGlobalIDString = E44CE0BE1E517B0B005C7FA8;
			remoteInfo = DUZB;
		};
		E44CE0DF1E517B0B005C7FA8 /* PBXContainerItemProxy */ = {
			isa = PBXContainerItemProxy;
			containerPortal = E44CE0B71E517B0B005C7FA8 /* Project object */;
			proxyType = 1;
			remoteGlobalIDString = E44CE0BE1E517B0B005C7FA8;
			remoteInfo = DUZB;
		};
/* End PBXContainerItemProxy section */

/* Begin PBXFileReference section */
		E44CE0BF1E517B0B005C7FA8 /* DUZB.app */ = {isa = PBXFileReference; explicitFileType = wrapper.application; includeInIndex = 0; path = DUZB.app; sourceTree = BUILT_PRODUCTS_DIR; };
		E44CE0C21E517B0B005C7FA8 /* AppDelegate.swift */ = {isa = PBXFileReference; lastKnownFileType = sourcecode.swift; name = AppDelegate.swift; path = ../AppDelegate.swift; sourceTree = "<group>"; };
		E44CE0C71E517B0B005C7FA8 /* Base */ = {isa = PBXFileReference; lastKnownFileType = file.storyboard; name = Base; path = Base.lproj/Main.storyboard; sourceTree = "<group>"; };
		E44CE0C91E517B0B005C7FA8 /* Assets.xcassets */ = {isa = PBXFileReference; lastKnownFileType = folder.assetcatalog; path = Assets.xcassets; sourceTree = "<group>"; };
		E44CE0CC1E517B0B005C7FA8 /* Base */ = {isa = PBXFileReference; lastKnownFileType = file.storyboard; name = Base; path = Base.lproj/LaunchScreen.storyboard; sourceTree = "<group>"; };
		E44CE0CE1E517B0B005C7FA8 /* Info.plist */ = {isa = PBXFileReference; lastKnownFileType = text.plist.xml; path = Info.plist; sourceTree = "<group>"; };
		E44CE0D31E517B0B005C7FA8 /* DUZBTests.xctest */ = {isa = PBXFileReference; explicitFileType = wrapper.cfbundle; includeInIndex = 0; path = DUZBTests.xctest; sourceTree = BUILT_PRODUCTS_DIR; };
		E44CE0D71E517B0B005C7FA8 /* DUZBTests.swift */ = {isa = PBXFileReference; lastKnownFileType = sourcecode.swift; path = DUZBTests.swift; sourceTree = "<group>"; };
		E44CE0D91E517B0B005C7FA8 /* Info.plist */ = {isa = PBXFileReference; lastKnownFileType = text.plist.xml; path = Info.plist; sourceTree = "<group>"; };
		E44CE0DE1E517B0B005C7FA8 /* DUZBUITests.xctest */ = {isa = PBXFileReference; explicitFileType = wrapper.cfbundle; includeInIndex = 0; path = DUZBUITests.xctest; sourceTree = BUILT_PRODUCTS_DIR; };
		E44CE0E21E517B0B005C7FA8 /* DUZBUITests.swift */ = {isa = PBXFileReference; lastKnownFileType = sourcecode.swift; path = DUZBUITests.swift; sourceTree = "<group>"; };
		E44CE0E41E517B0B005C7FA8 /* Info.plist */ = {isa = PBXFileReference; lastKnownFileType = text.plist.xml; path = Info.plist; sourceTree = "<group>"; };
/* End PBXFileReference section */

/* Begin PBXFrameworksBuildPhase section */
		E44CE0BC1E517B0B005C7FA8 /* Frameworks */ = {
			isa = PBXFrameworksBuildPhase;
			buildActionMask = 2147483647;
			files = (
			);
			runOnlyForDeploymentPostprocessing = 0;
		};
		E44CE0D01E517B0B005C7FA8 /* Frameworks */ = {
			isa = PBXFrameworksBuildPhase;
			buildActionMask = 2147483647;
			files = (
			);
			runOnlyForDeploymentPostprocessing = 0;
		};
		E44CE0DB1E517B0B005C7FA8 /* Frameworks */ = {
			isa = PBXFrameworksBuildPhase;
			buildActionMask = 2147483647;
			files = (
			);
			runOnlyForDeploymentPostprocessing = 0;
		};
/* End PBXFrameworksBuildPhase section */

/* Begin PBXGroup section */
		E44CE0B61E517B0B005C7FA8 = {
			isa = PBXGroup;
			children = (
				E44CE0C11E517B0B005C7FA8 /* DUZB */,
				E44CE0D61E517B0B005C7FA8 /* DUZBTests */,
				E44CE0E11E517B0B005C7FA8 /* DUZBUITests */,
				E44CE0C01E517B0B005C7FA8 /* Products */,
			);
			sourceTree = "<group>";
		};
		E44CE0C01E517B0B005C7FA8 /* Products */ = {
			isa = PBXGroup;
			children = (
				E44CE0BF1E517B0B005C7FA8 /* DUZB.app */,
				E44CE0D31E517B0B005C7FA8 /* DUZBTests.xctest */,
				E44CE0DE1E517B0B005C7FA8 /* DUZBUITests.xctest */,
			);
			name = Products;
			sourceTree = "<group>";
		};
		E44CE0C11E517B0B005C7FA8 /* DUZB */ = {
			isa = PBXGroup;
			children = (
				E44CE0F01E5181C7005C7FA8 /* Classes */,
				E44CE0C61E517B0B005C7FA8 /* Main.storyboard */,
				E44CE0C91E517B0B005C7FA8 /* Assets.xcassets */,
				E44CE0CB1E517B0B005C7FA8 /* LaunchScreen.storyboard */,
				E44CE0CE1E517B0B005C7FA8 /* Info.plist */,
			);
			path = DUZB;
			sourceTree = "<group>";
		};
		E44CE0D61E517B0B005C7FA8 /* DUZBTests */ = {
			isa = PBXGroup;
			children = (
				E44CE0D71E517B0B005C7FA8 /* DUZBTests.swift */,
				E44CE0D91E517B0B005C7FA8 /* Info.plist */,
			);
			path = DUZBTests;
			sourceTree = "<group>";
		};
		E44CE0E11E517B0B005C7FA8 /* DUZBUITests */ = {
			isa = PBXGroup;
			children = (
				E44CE0E21E517B0B005C7FA8 /* DUZBUITests.swift */,
				E44CE0E41E517B0B005C7FA8 /* Info.plist */,
			);
			path = DUZBUITests;
			sourceTree = "<group>";
		};
		E44CE0F01E5181C7005C7FA8 /* Classes */ = {
			isa = PBXGroup;
			children = (
				E44CE0C21E517B0B005C7FA8 /* AppDelegate.swift */,
				E44CE0F41E5181C7005C7FA8 /* Mian */,
				E44CE0F11E5181C7005C7FA8 /* Follow */,
				E44CE0F21E5181C7005C7FA8 /* Home */,
				E44CE0F31E5181C7005C7FA8 /* live */,
				E44CE0F51E5181C7005C7FA8 /* Profile */,
				E44CE0F61E5181C7005C7FA8 /* Tools */,
			);
			path = Classes;
			sourceTree = "<group>";
		};
		E44CE0F11E5181C7005C7FA8 /* Follow */ = {
			isa = PBXGroup;
			children = (
			);
			path = Follow;
			sourceTree = "<group>";
		};
		E44CE0F21E5181C7005C7FA8 /* Home */ = {
			isa = PBXGroup;
			children = (
			);
			path = Home;
			sourceTree = "<group>";
		};
		E44CE0F31E5181C7005C7FA8 /* live */ = {
			isa = PBXGroup;
			children = (
			);
			path = live;
			sourceTree = "<group>";
		};
		E44CE0F41E5181C7005C7FA8 /* Mian */ = {
			isa = PBXGroup;
			children = (
			);
			path = Mian;
			sourceTree = "<group>";
		};
		E44CE0F51E5181C7005C7FA8 /* Profile */ = {
			isa = PBXGroup;
			children = (
			);
			path = Profile;
			sourceTree = "<group>";
		};
		E44CE0F61E5181C7005C7FA8 /* Tools */ = {
			isa = PBXGroup;
			children = (
			);
			path = Tools;
			sourceTree = "<group>";
		};
/* End PBXGroup section */

/* Begin PBXNativeTarget section */
		E44CE0BE1E517B0B005C7FA8 /* DUZB */ = {
			isa = PBXNativeTarget;
			buildConfigurationList = E44CE0E71E517B0B005C7FA8 /* Build configuration list for PBXNativeTarget "DUZB" */;
			buildPhases = (
				E44CE0BB1E517B0B005C7FA8 /* Sources */,
				E44CE0BC1E517B0B005C7FA8 /* Frameworks */,
				E44CE0BD1E517B0B005C7FA8 /* Resources */,
			);
			buildRules = (
			);
			dependencies = (
			);
			name = DUZB;
			productName = DUZB;
			productReference = E44CE0BF1E517B0B005C7FA8 /* DUZB.app */;
			productType = "com.apple.product-type.application";
		};
		E44CE0D21E517B0B005C7FA8 /* DUZBTests */ = {
			isa = PBXNativeTarget;
			buildConfigurationList = E44CE0EA1E517B0B005C7FA8 /* Build configuration list for PBXNativeTarget "DUZBTests" */;
			buildPhases = (
				E44CE0CF1E517B0B005C7FA8 /* Sources */,
				E44CE0D01E517B0B005C7FA8 /* Frameworks */,
				E44CE0D11E517B0B005C7FA8 /* Resources */,
			);
			buildRules = (
			);
			dependencies = (
				E44CE0D51E517B0B005C7FA8 /* PBXTargetDependency */,
			);
			name = DUZBTests;
			productName = DUZBTests;
			productReference = E44CE0D31E517B0B005C7FA8 /* DUZBTests.xctest */;
			productType = "com.apple.product-type.bundle.unit-test";
		};
		E44CE0DD1E517B0B005C7FA8 /* DUZBUITests */ = {
			isa = PBXNativeTarget;
			buildConfigurationList = E44CE0ED1E517B0B005C7FA8 /* Build configuration list for PBXNativeTarget "DUZBUITests" */;
			buildPhases = (
				E44CE0DA1E517B0B005C7FA8 /* Sources */,
				E44CE0DB1E517B0B005C7FA8 /* Frameworks */,
				E44CE0DC1E517B0B005C7FA8 /* Resources */,
			);
			buildRules = (
			);
			dependencies = (
				E44CE0E01E517B0B005C7FA8 /* PBXTargetDependency */,
			);
			name = DUZBUITests;
			productName = DUZBUITests;
			productReference = E44CE0DE1E517B0B005C7FA8 /* DUZBUITests.xctest */;
			productType = "com.apple.product-type.bundle.ui-testing";
		};
/* End PBXNativeTarget section */

/* Begin PBXProject section */
		E44CE0B71E517B0B005C7FA8 /* Project object */ = {
			isa = PBXProject;
			attributes = {
				LastSwiftUpdateCheck = 0820;
				LastUpgradeCheck = 0820;
				ORGANIZATIONNAME = yons;
				TargetAttributes = {
					E44CE0BE1E517B0B005C7FA8 = {
						CreatedOnToolsVersion = 8.2.1;
						DevelopmentTeam = E9ZRW244FK;
						ProvisioningStyle = Automatic;
					};
					E44CE0D21E517B0B005C7FA8 = {
						CreatedOnToolsVersion = 8.2.1;
						DevelopmentTeam = E9ZRW244FK;
						ProvisioningStyle = Automatic;
						TestTargetID = E44CE0BE1E517B0B005C7FA8;
					};
					E44CE0DD1E517B0B005C7FA8 = {
						CreatedOnToolsVersion = 8.2.1;
						DevelopmentTeam = E9ZRW244FK;
						ProvisioningStyle = Automatic;
						TestTargetID = E44CE0BE1E517B0B005C7FA8;
					};
				};
			};
			buildConfigurationList = E44CE0BA1E517B0B005C7FA8 /* Build configuration list for PBXProject "DUZB" */;
			compatibilityVersion = "Xcode 3.2";
			developmentRegion = English;
			hasScannedForEncodings = 0;
			knownRegions = (
				en,
				Base,
			);
			mainGroup = E44CE0B61E517B0B005C7FA8;
			productRefGroup = E44CE0C01E517B0B005C7FA8 /* Products */;
			projectDirPath = "";
			projectRoot = "";
			targets = (
				E44CE0BE1E517B0B005C7FA8 /* DUZB */,
				E44CE0D21E517B0B005C7FA8 /* DUZBTests */,
				E44CE0DD1E517B0B005C7FA8 /* DUZBUITests */,
			);
		};
/* End PBXProject section */

/* Begin PBXResourcesBuildPhase section */
		E44CE0BD1E517B0B005C7FA8 /* Resources */ = {
			isa = PBXResourcesBuildPhase;
			buildActionMask = 2147483647;
			files = (
				E44CE0CD1E517B0B005C7FA8 /* LaunchScreen.storyboard in Resources */,
				E44CE0CA1E517B0B005C7FA8 /* Assets.xcassets in Resources */,
				E44CE0C81E517B0B005C7FA8 /* Main.storyboard in Resources */,
			);
			runOnlyForDeploymentPostprocessing = 0;
		};
		E44CE0D11E517B0B005C7FA8 /* Resources */ = {
			isa = PBXResourcesBuildPhase;
			buildActionMask = 2147483647;
			files = (
			);
			runOnlyForDeploymentPostprocessing = 0;
		};
		E44CE0DC1E517B0B005C7FA8 /* Resources */ = {
			isa = PBXResourcesBuildPhase;
			buildActionMask = 2147483647;
			files = (
			);
			runOnlyForDeploymentPostprocessing = 0;
		};
/* End PBXResourcesBuildPhase section */

/* Begin PBXSourcesBuildPhase section */
		E44CE0BB1E517B0B005C7FA8 /* Sources */ = {
			isa = PBXSourcesBuildPhase;
			buildActionMask = 2147483647;
			files = (
				E44CE0C31E517B0B005C7FA8 /* AppDelegate.swift in Sources */,
			);
			runOnlyForDeploymentPostprocessing = 0;
		};
		E44CE0CF1E517B0B005C7FA8 /* Sources */ = {
			isa = PBXSourcesBuildPhase;
			buildActionMask = 2147483647;
			files = (
				E44CE0D81E517B0B005C7FA8 /* DUZBTests.swift in Sources */,
			);
			runOnlyForDeploymentPostprocessing = 0;
		};
		E44CE0DA1E517B0B005C7FA8 /* Sources */ = {
			isa = PBXSourcesBuildPhase;
			buildActionMask = 2147483647;
			files = (
				E44CE0E31E517B0B005C7FA8 /* DUZBUITests.swift in Sources */,
			);
			runOnlyForDeploymentPostprocessing = 0;
		};
/* End PBXSourcesBuildPhase section */

/* Begin PBXTargetDependency section */
		E44CE0D51E517B0B005C7FA8 /* PBXTargetDependency */ = {
			isa = PBXTargetDependency;
			target = E44CE0BE1E517B0B005C7FA8 /* DUZB */;
			targetProxy = E44CE0D41E517B0B005C7FA8 /* PBXContainerItemProxy */;
		};
		E44CE0E01E517B0B005C7FA8 /* PBXTargetDependency */ = {
			isa = PBXTargetDependency;
			target = E44CE0BE1E517B0B005C7FA8 /* DUZB */;
			targetProxy = E44CE0DF1E517B0B005C7FA8 /* PBXContainerItemProxy */;
		};
/* End PBXTargetDependency section */

/* Begin PBXVariantGroup section */
		E44CE0C61E517B0B005C7FA8 /* Main.storyboard */ = {
			isa = PBXVariantGroup;
			children = (
				E44CE0C71E517B0B005C7FA8 /* Base */,
			);
			name = Main.storyboard;
			sourceTree = "<group>";
		};
		E44CE0CB1E517B0B005C7FA8 /* LaunchScreen.storyboard */ = {
			isa = PBXVariantGroup;
			children = (
				E44CE0CC1E517B0B005C7FA8 /* Base */,
			);
			name = LaunchScreen.storyboard;
			sourceTree = "<group>";
		};
/* End PBXVariantGroup section */

/* Begin XCBuildConfiguration section */
		E44CE0E51E517B0B005C7FA8 /* Debug */ = {
			isa = XCBuildConfiguration;
			buildSettings = {
				ALWAYS_SEARCH_USER_PATHS = NO;
				CLANG_ANALYZER_NONNULL = YES;
				CLANG_CXX_LANGUAGE_STANDARD = "gnu++0x";
				CLANG_CXX_LIBRARY = "libc++";
				CLANG_ENABLE_MODULES = YES;
				CLANG_ENABLE_OBJC_ARC = YES;
				CLANG_WARN_BOOL_CONVERSION = YES;
				CLANG_WARN_CONSTANT_CONVERSION = YES;
				CLANG_WARN_DIRECT_OBJC_ISA_USAGE = YES_ERROR;
				CLANG_WARN_DOCUMENTATION_COMMENTS = YES;
				CLANG_WARN_EMPTY_BODY = YES;
				CLANG_WARN_ENUM_CONVERSION = YES;
				CLANG_WARN_INFINITE_RECURSION = YES;
				CLANG_WARN_INT_CONVERSION = YES;
				CLANG_WARN_OBJC_ROOT_CLASS = YES_ERROR;
				CLANG_WARN_SUSPICIOUS_MOVE = YES;
				CLANG_WARN_UNREACHABLE_CODE = YES;
				CLANG_WARN__DUPLICATE_METHOD_MATCH = YES;
				"CODE_SIGN_IDENTITY[sdk=iphoneos*]" = "iPhone Developer";
				COPY_PHASE_STRIP = NO;
				DEBUG_INFORMATION_FORMAT = dwarf;
				ENABLE_STRICT_OBJC_MSGSEND = YES;
				ENABLE_TESTABILITY = YES;
				GCC_C_LANGUAGE_STANDARD = gnu99;
				GCC_DYNAMIC_NO_PIC = NO;
				GCC_NO_COMMON_BLOCKS = YES;
				GCC_OPTIMIZATION_LEVEL = 0;
				GCC_PREPROCESSOR_DEFINITIONS = (
					"DEBUG=1",
					"$(inherited)",
				);
				GCC_WARN_64_TO_32_BIT_CONVERSION = YES;
				GCC_WARN_ABOUT_RETURN_TYPE = YES_ERROR;
				GCC_WARN_UNDECLARED_SELECTOR = YES;
				GCC_WARN_UNINITIALIZED_AUTOS = YES_AGGRESSIVE;
				GCC_WARN_UNUSED_FUNCTION = YES;
				GCC_WARN_UNUSED_VARIABLE = YES;
				IPHONEOS_DEPLOYMENT_TARGET = 10.2;
				MTL_ENABLE_DEBUG_INFO = YES;
				ONLY_ACTIVE_ARCH = YES;
				SDKROOT = iphoneos;
				SWIFT_ACTIVE_COMPILATION_CONDITIONS = DEBUG;
				SWIFT_OPTIMIZATION_LEVEL = "-Onone";
				TARGETED_DEVICE_FAMILY = "1,2";
			};
			name = Debug;
		};
		E44CE0E61E517B0B005C7FA8 /* Release */ = {
			isa = XCBuildConfiguration;
			buildSettings = {
				ALWAYS_SEARCH_USER_PATHS = NO;
				CLANG_ANALYZER_NONNULL = YES;
				CLANG_CXX_LANGUAGE_STANDARD = "gnu++0x";
				CLANG_CXX_LIBRARY = "libc++";
				CLANG_ENABLE_MODULES = YES;
				CLANG_ENABLE_OBJC_ARC = YES;
				CLANG_WARN_BOOL_CONVERSION = YES;
				CLANG_WARN_CONSTANT_CONVERSION = YES;
				CLANG_WARN_DIRECT_OBJC_ISA_USAGE = YES_ERROR;
				CLANG_WARN_DOCUMENTATION_COMMENTS = YES;
				CLANG_WARN_EMPTY_BODY = YES;
				CLANG_WARN_ENUM_CONVERSION = YES;
				CLANG_WARN_INFINITE_RECURSION = YES;
				CLANG_WARN_INT_CONVERSION = YES;
				CLANG_WARN_OBJC_ROOT_CLASS = YES_ERROR;
				CLANG_WARN_SUSPICIOUS_MOVE = YES;
				CLANG_WARN_UNREACHABLE_CODE = YES;
				CLANG_WARN__DUPLICATE_METHOD_MATCH = YES;
				"CODE_SIGN_IDENTITY[sdk=iphoneos*]" = "iPhone Developer";
				COPY_PHASE_STRIP = NO;
				DEBUG_INFORMATION_FORMAT = "dwarf-with-dsym";
				ENABLE_NS_ASSERTIONS = NO;
				ENABLE_STRICT_OBJC_MSGSEND = YES;
				GCC_C_LANGUAGE_STANDARD = gnu99;
				GCC_NO_COMMON_BLOCKS = YES;
				GCC_WARN_64_TO_32_BIT_CONVERSION = YES;
				GCC_WARN_ABOUT_RETURN_TYPE = YES_ERROR;
				GCC_WARN_UNDECLARED_SELECTOR = YES;
				GCC_WARN_UNINITIALIZED_AUTOS = YES_AGGRESSIVE;
				GCC_WARN_UNUSED_FUNCTION = YES;
				GCC_WARN_UNUSED_VARIABLE = YES;
				IPHONEOS_DEPLOYMENT_TARGET = 10.2;
				MTL_ENABLE_DEBUG_INFO = NO;
				SDKROOT = iphoneos;
				SWIFT_OPTIMIZATION_LEVEL = "-Owholemodule";
				TARGETED_DEVICE_FAMILY = "1,2";
				VALIDATE_PRODUCT = YES;
			};
			name = Release;
		};
		E44CE0E81E517B0B005C7FA8 /* Debug */ = {
			isa = XCBuildConfiguration;
			buildSettings = {
				ASSETCATALOG_COMPILER_APPICON_NAME = AppIcon;
				ASSETCATALOG_COMPILER_LAUNCHIMAGE_NAME = LaunchImage;
				DEVELOPMENT_TEAM = E9ZRW244FK;
				INFOPLIST_FILE = DUZB/Info.plist;
				IPHONEOS_DEPLOYMENT_TARGET = 9.0;
				LD_RUNPATH_SEARCH_PATHS = "$(inherited) @executable_path/Frameworks";
				PRODUCT_BUNDLE_IDENTIFIER = utouu.DUZB;
				PRODUCT_NAME = "$(TARGET_NAME)";
				SWIFT_VERSION = 3.0;
				TARGETED_DEVICE_FAMILY = 1;
			};
			name = Debug;
		};
		E44CE0E91E517B0B005C7FA8 /* Release */ = {
			isa = XCBuildConfiguration;
			buildSettings = {
				ASSETCATALOG_COMPILER_APPICON_NAME = AppIcon;
				ASSETCATALOG_COMPILER_LAUNCHIMAGE_NAME = LaunchImage;
				DEVELOPMENT_TEAM = E9ZRW244FK;
				INFOPLIST_FILE = DUZB/Info.plist;
				IPHONEOS_DEPLOYMENT_TARGET = 9.0;
				LD_RUNPATH_SEARCH_PATHS = "$(inherited) @executable_path/Frameworks";
				PRODUCT_BUNDLE_IDENTIFIER = utouu.DUZB;
				PRODUCT_NAME = "$(TARGET_NAME)";
				SWIFT_VERSION = 3.0;
				TARGETED_DEVICE_FAMILY = 1;
			};
			name = Release;
		};
		E44CE0EB1E517B0B005C7FA8 /* Debug */ = {
			isa = XCBuildConfiguration;
			buildSettings = {
				ALWAYS_EMBED_SWIFT_STANDARD_LIBRARIES = YES;
				BUNDLE_LOADER = "$(TEST_HOST)";
				DEVELOPMENT_TEAM = E9ZRW244FK;
				INFOPLIST_FILE = DUZBTests/Info.plist;
				LD_RUNPATH_SEARCH_PATHS = "$(inherited) @executable_path/Frameworks @loader_path/Frameworks";
				PRODUCT_BUNDLE_IDENTIFIER = utouu.DUZBTests;
				PRODUCT_NAME = "$(TARGET_NAME)";
				SWIFT_VERSION = 3.0;
				TEST_HOST = "$(BUILT_PRODUCTS_DIR)/DUZB.app/DUZB";
			};
			name = Debug;
		};
		E44CE0EC1E517B0B005C7FA8 /* Release */ = {
			isa = XCBuildConfiguration;
			buildSettings = {
				ALWAYS_EMBED_SWIFT_STANDARD_LIBRARIES = YES;
				BUNDLE_LOADER = "$(TEST_HOST)";
				DEVELOPMENT_TEAM = E9ZRW244FK;
				INFOPLIST_FILE = DUZBTests/Info.plist;
				LD_RUNPATH_SEARCH_PATHS = "$(inherited) @executable_path/Frameworks @loader_path/Frameworks";
				PRODUCT_BUNDLE_IDENTIFIER = utouu.DUZBTests;
				PRODUCT_NAME = "$(TARGET_NAME)";
				SWIFT_VERSION = 3.0;
				TEST_HOST = "$(BUILT_PRODUCTS_DIR)/DUZB.app/DUZB";
			};
			name = Release;
		};
		E44CE0EE1E517B0B005C7FA8 /* Debug */ = {
			isa = XCBuildConfiguration;
			buildSettings = {
				ALWAYS_EMBED_SWIFT_STANDARD_LIBRARIES = YES;
				DEVELOPMENT_TEAM = E9ZRW244FK;
				INFOPLIST_FILE = DUZBUITests/Info.plist;
				LD_RUNPATH_SEARCH_PATHS = "$(inherited) @executable_path/Frameworks @loader_path/Frameworks";
				PRODUCT_BUNDLE_IDENTIFIER = utouu.DUZBUITests;
				PRODUCT_NAME = "$(TARGET_NAME)";
				SWIFT_VERSION = 3.0;
				TEST_TARGET_NAME = DUZB;
			};
			name = Debug;
		};
		E44CE0EF1E517B0B005C7FA8 /* Release */ = {
			isa = XCBuildConfiguration;
			buildSettings = {
				ALWAYS_EMBED_SWIFT_STANDARD_LIBRARIES = YES;
				DEVELOPMENT_TEAM = E9ZRW244FK;
				INFOPLIST_FILE = DUZBUITests/Info.plist;
				LD_RUNPATH_SEARCH_PATHS = "$(inherited) @executable_path/Frameworks @loader_path/Frameworks";
				PRODUCT_BUNDLE_IDENTIFIER = utouu.DUZBUITests;
				PRODUCT_NAME = "$(TARGET_NAME)";
				SWIFT_VERSION = 3.0;
				TEST_TARGET_NAME = DUZB;
			};
			name = Release;
		};
/* End XCBuildConfiguration section */

/* Begin XCConfigurationList section */
		E44CE0BA1E517B0B005C7FA8 /* Build configuration list for PBXProject "DUZB" */ = {
			isa = XCConfigurationList;
			buildConfigurations = (
				E44CE0E51E517B0B005C7FA8 /* Debug */,
				E44CE0E61E517B0B005C7FA8 /* Release */,
			);
			defaultConfigurationIsVisible = 0;
			defaultConfigurationName = Release;
		};
		E44CE0E71E517B0B005C7FA8 /* Build configuration list for PBXNativeTarget "DUZB" */ = {
			isa = XCConfigurationList;
			buildConfigurations = (
				E44CE0E81E517B0B005C7FA8 /* Debug */,
				E44CE0E91E517B0B005C7FA8 /* Release */,
			);
			defaultConfigurationIsVisible = 0;
		};
		E44CE0EA1E517B0B005C7FA8 /* Build configuration list for PBXNativeTarget "DUZBTests" */ = {
			isa = XCConfigurationList;
			buildConfigurations = (
				E44CE0EB1E517B0B005C7FA8 /* Debug */,
				E44CE0EC1E517B0B005C7FA8 /* Release */,
			);
			defaultConfigurationIsVisible = 0;
		};
		E44CE0ED1E517B0B005C7FA8 /* Build configuration list for PBXNativeTarget "DUZBUITests" */ = {
			isa = XCConfigurationList;
			buildConfigurations = (
				E44CE0EE1E517B0B005C7FA8 /* Debug */,
				E44CE0EF1E517B0B005C7FA8 /* Release */,
			);
			defaultConfigurationIsVisible = 0;
		};
/* End XCConfigurationList section */
	};
	rootObject = E44CE0B71E517B0B005C7FA8 /* Project object */;
}
